
Microsoft Visual Studio Solution File, Format Version 12.00
# Visual Studio Version 16
VisualStudioVersion = 16.0.30907.101
MinimumVisualStudioVersion = 10.0.40219.1
Project("{FAE04EC0-301F-11D3-BF4B-00C04F79EFBC}") = "NetCoreTemplate", "NetCoreTemplate.csproj", "{231C8B0B-4139-4D66-BE54-6C3E53CEB885}"
EndProject
Global
	GlobalSection(SolutionConfigurationPlatforms) = preSolution
		Debug|Any CPU = Debug|Any CPU
		Release|Any CPU = Release|Any CPU
	EndGlobalSection
	GlobalSection(ProjectConfigurationPlatforms) = postSolution
		{231C8B0B-4139-4D66-BE54-6C3E53CEB885}.Debug|Any CPU.ActiveCfg = Debug|Any CPU
		{231C8B0B-4139-4D66-BE54-6C3E53CEB885}.Debug|Any CPU.Build.0 = Debug|Any CPU
		{231C8B0B-4139-4D66-BE54-6C3E53CEB885}.Release|Any CPU.ActiveCfg = Release|Any CPU
		{231C8B0B-4139-4D66-BE54-6C3E53CEB885}.Release|Any CPU.Build.0 = Release|Any CPU
	EndGlobalSection
	GlobalSection(SolutionProperties) = preSolution
		HideSolutionNode = FALSE
	EndGlobalSection
	GlobalSection(ExtensibilityGlobals) = postSolution
		SolutionGuid = {59715FBC-227E-447D-B18C-808104BA3E8F}
	EndGlobalSection
EndGlobal
